
Microsoft Visual Studio Solution File, Format Version 12.00
# Visual Studio 2012
Project("{FAE04EC0-301F-11D3-BF4B-00C04F79EFBC}") = "appPrototipoISW", "appPrototipoISW\appPrototipoISW.csproj", "{D52E7295-1F36-42D0-87BB-1938F4A30778}"
EndProject
Global
	GlobalSection(SolutionConfigurationPlatforms) = preSolution
		Debug|Any CPU = Debug|Any CPU
		Release|Any CPU = Release|Any CPU
	EndGlobalSection
	GlobalSection(ProjectConfigurationPlatforms) = postSolution
		{D52E7295-1F36-42D0-87BB-1938F4A30778}.Debug|Any CPU.ActiveCfg = Debug|Any CPU
		{D52E7295-1F36-42D0-87BB-1938F4A30778}.Debug|Any CPU.Build.0 = Debug|Any CPU
		{D52E7295-1F36-42D0-87BB-1938F4A30778}.Release|Any CPU.ActiveCfg = Release|Any CPU
		{D52E7295-1F36-42D0-87BB-1938F4A30778}.Release|Any CPU.Build.0 = Release|Any CPU
	EndGlobalSection
	GlobalSection(SolutionProperties) = preSolution
		HideSolutionNode = FALSE
	EndGlobalSection
EndGlobal
